
Microsoft Visual Studio Solution File, Format Version 12.00
# Visual Studio Version 16
VisualStudioVersion = 16.0.31702.278
MinimumVisualStudioVersion = 10.0.40219.1
Project("{8BC9CEB8-8B4A-11D0-8D11-00A0C91BC942}") = "HomeWork_Arrays", "HomeWork_Arrays.vcxproj", "{D1DAAB3B-A320-419A-BD96-2215CBC9162B}"
EndProject
Global
	GlobalSection(SolutionConfigurationPlatforms) = preSolution
		Debug|x64 = Debug|x64
		Debug|x86 = Debug|x86
		Release|x64 = Release|x64
		Release|x86 = Release|x86
	EndGlobalSection
	GlobalSection(ProjectConfigurationPlatforms) = postSolution
		{D1DAAB3B-A320-419A-BD96-2215CBC9162B}.Debug|x64.ActiveCfg = Debug|x64
		{D1DAAB3B-A320-419A-BD96-2215CBC9162B}.Debug|x64.Build.0 = Debug|x64
		{D1DAAB3B-A320-419A-BD96-2215CBC9162B}.Debug|x86.ActiveCfg = Debug|Win32
		{D1DAAB3B-A320-419A-BD96-2215CBC9162B}.Debug|x86.Build.0 = Debug|Win32
		{D1DAAB3B-A320-419A-BD96-2215CBC9162B}.Release|x64.ActiveCfg = Release|x64
		{D1DAAB3B-A320-419A-BD96-2215CBC9162B}.Release|x64.Build.0 = Release|x64
		{D1DAAB3B-A320-419A-BD96-2215CBC9162B}.Release|x86.ActiveCfg = Release|Win32
		{D1DAAB3B-A320-419A-BD96-2215CBC9162B}.Release|x86.Build.0 = Release|Win32
	EndGlobalSection
	GlobalSection(SolutionProperties) = preSolution
		HideSolutionNode = FALSE
	EndGlobalSection
	GlobalSection(ExtensibilityGlobals) = postSolution
		SolutionGuid = {FBAA599B-DD69-41C7-ACF4-4B7DCDCF601B}
	EndGlobalSection
EndGlobal
